
Microsoft Visual Studio Solution File, Format Version 12.00
# Visual Studio 15
VisualStudioVersion = 15.0.27703.2026
MinimumVisualStudioVersion = 10.0.40219.1
Project("{FAE04EC0-301F-11D3-BF4B-00C04F79EFBC}") = "ReportMerger2", "ReportMerger2\ReportMerger2.csproj", "{59DE49A4-3BFE-4403-A4E9-021D773CEE7E}"
EndProject
Project("{2150E333-8FDC-42A3-9474-1A3956D46DE8}") = "Solution Items", "Solution Items", "{0CBBF537-2D0E-48B7-A388-E99DC0BC51E6}"
	ProjectSection(SolutionItems) = preProject
		CHANGELOG.md = CHANGELOG.md
		README.md = README.md
	EndProjectSection
EndProject
Global
	GlobalSection(SolutionConfigurationPlatforms) = preSolution
		Debug|Any CPU = Debug|Any CPU
		Release|Any CPU = Release|Any CPU
	EndGlobalSection
	GlobalSection(ProjectConfigurationPlatforms) = postSolution
		{59DE49A4-3BFE-4403-A4E9-021D773CEE7E}.Debug|Any CPU.ActiveCfg = Debug|Any CPU
		{59DE49A4-3BFE-4403-A4E9-021D773CEE7E}.Debug|Any CPU.Build.0 = Debug|Any CPU
		{59DE49A4-3BFE-4403-A4E9-021D773CEE7E}.Release|Any CPU.ActiveCfg = Release|Any CPU
		{59DE49A4-3BFE-4403-A4E9-021D773CEE7E}.Release|Any CPU.Build.0 = Release|Any CPU
	EndGlobalSection
	GlobalSection(SolutionProperties) = preSolution
		HideSolutionNode = FALSE
	EndGlobalSection
	GlobalSection(ExtensibilityGlobals) = postSolution
		SolutionGuid = {837BF1FC-610E-4965-9C76-292A5F25F09E}
	EndGlobalSection
EndGlobal
